
Microsoft Visual Studio Solution File, Format Version 12.00
# Visual Studio Version 17
VisualStudioVersion = 17.1.32421.90
MinimumVisualStudioVersion = 10.0.40219.1
Project("{FAE04EC0-301F-11D3-BF4B-00C04F79EFBC}") = "Kolokwium sem 1", "Kolokwium sem 1.csproj", "{02331720-AC54-4BC5-9EEF-BE42817D5651}"
EndProject
Global
	GlobalSection(SolutionConfigurationPlatforms) = preSolution
		Debug|Any CPU = Debug|Any CPU
		Release|Any CPU = Release|Any CPU
	EndGlobalSection
	GlobalSection(ProjectConfigurationPlatforms) = postSolution
		{02331720-AC54-4BC5-9EEF-BE42817D5651}.Debug|Any CPU.ActiveCfg = Debug|Any CPU
		{02331720-AC54-4BC5-9EEF-BE42817D5651}.Debug|Any CPU.Build.0 = Debug|Any CPU
		{02331720-AC54-4BC5-9EEF-BE42817D5651}.Release|Any CPU.ActiveCfg = Release|Any CPU
		{02331720-AC54-4BC5-9EEF-BE42817D5651}.Release|Any CPU.Build.0 = Release|Any CPU
	EndGlobalSection
	GlobalSection(SolutionProperties) = preSolution
		HideSolutionNode = FALSE
	EndGlobalSection
	GlobalSection(ExtensibilityGlobals) = postSolution
		SolutionGuid = {67663604-2A8C-4D79-B12F-C525FAA2F40F}
	EndGlobalSection
EndGlobal
